
Microsoft Visual Studio Solution File, Format Version 12.00
# Visual Studio Version 17
VisualStudioVersion = 17.1.32210.238
MinimumVisualStudioVersion = 10.0.40219.1
Project("{9A19103F-16F7-4668-BE54-9A1E7A4F7556}") = "Wordle_Tracker_Telegram_Bot", "Wordle_Tracker_Telegram_Bot\Wordle_Tracker_Telegram_Bot.csproj", "{9CAD76B6-98EC-4A36-9C0C-7ABCAF749EA1}"
EndProject
Global
	GlobalSection(SolutionConfigurationPlatforms) = preSolution
		Debug|Any CPU = Debug|Any CPU
		Release|Any CPU = Release|Any CPU
	EndGlobalSection
	GlobalSection(ProjectConfigurationPlatforms) = postSolution
		{9CAD76B6-98EC-4A36-9C0C-7ABCAF749EA1}.Debug|Any CPU.ActiveCfg = Debug|Any CPU
		{9CAD76B6-98EC-4A36-9C0C-7ABCAF749EA1}.Debug|Any CPU.Build.0 = Debug|Any CPU
		{9CAD76B6-98EC-4A36-9C0C-7ABCAF749EA1}.Release|Any CPU.ActiveCfg = Release|Any CPU
		{9CAD76B6-98EC-4A36-9C0C-7ABCAF749EA1}.Release|Any CPU.Build.0 = Release|Any CPU
	EndGlobalSection
	GlobalSection(SolutionProperties) = preSolution
		HideSolutionNode = FALSE
	EndGlobalSection
	GlobalSection(ExtensibilityGlobals) = postSolution
		SolutionGuid = {684A6C6B-1776-4E35-BDCE-D284F3500770}
	EndGlobalSection
EndGlobal
